
Microsoft Visual Studio Solution File, Format Version 12.00
# Visual Studio Version 17
VisualStudioVersion = 17.2.32505.173
MinimumVisualStudioVersion = 10.0.40219.1
Project("{FAE04EC0-301F-11D3-BF4B-00C04F79EFBC}") = "HotelListingMain", "HotelListingMain\HotelListingMain.csproj", "{BC9065E9-C8F6-41C3-9085-A8AC5A4C956A}"
EndProject
Global
	GlobalSection(SolutionConfigurationPlatforms) = preSolution
		Debug|Any CPU = Debug|Any CPU
		Release|Any CPU = Release|Any CPU
	EndGlobalSection
	GlobalSection(ProjectConfigurationPlatforms) = postSolution
		{BC9065E9-C8F6-41C3-9085-A8AC5A4C956A}.Debug|Any CPU.ActiveCfg = Debug|Any CPU
		{BC9065E9-C8F6-41C3-9085-A8AC5A4C956A}.Debug|Any CPU.Build.0 = Debug|Any CPU
		{BC9065E9-C8F6-41C3-9085-A8AC5A4C956A}.Release|Any CPU.ActiveCfg = Release|Any CPU
		{BC9065E9-C8F6-41C3-9085-A8AC5A4C956A}.Release|Any CPU.Build.0 = Release|Any CPU
	EndGlobalSection
	GlobalSection(SolutionProperties) = preSolution
		HideSolutionNode = FALSE
	EndGlobalSection
	GlobalSection(ExtensibilityGlobals) = postSolution
		SolutionGuid = {60E6E279-76CF-4622-9207-D44E413954F7}
	EndGlobalSection
EndGlobal
